// !$*UTF8*$!
{
	archiveVersion = 1;
	classes = {
	};
	objectVersion = 50;
	objects = {

/* Begin PBXBuildFile section */
		32D540C4279D16EB009A44F8 /* tests.cpp in Sources */ = {isa = PBXBuildFile; fileRef = 3262A748273400FE003CEBBF /* tests.cpp */; };
/* End PBXBuildFile section */

/* Begin PBXCopyFilesBuildPhase section */
		329CCBEB26DB62370063D5E6 /* CopyFiles */ = {
			isa = PBXCopyFilesBuildPhase;
			buildActionMask = 2147483647;
			dstPath = /usr/share/man/man1/;
			dstSubfolderSpec = 0;
			files = (
			);
			runOnlyForDeploymentPostprocessing = 1;
		};
/* End PBXCopyFilesBuildPhase section */

/* Begin PBXFileReference section */
		3201017D2730266C00265CDE /* 2018313555_HW3A.c */ = {isa = PBXFileReference; lastKnownFileType = sourcecode.c.c; path = 2018313555_HW3A.c; sourceTree = "<group>"; };
		3201017E2730268100265CDE /* 2018313555_HW3B.c */ = {isa = PBXFileReference; lastKnownFileType = sourcecode.c.c; path = 2018313555_HW3B.c; sourceTree = "<group>"; };
		3201017F2730268C00265CDE /* 2018313555_HW3C.c */ = {isa = PBXFileReference; lastKnownFileType = sourcecode.c.c; path = 2018313555_HW3C.c; sourceTree = "<group>"; };
		320BEE1626FDA93E00A83FC1 /* Lecture2-2-professor.c */ = {isa = PBXFileReference; lastKnownFileType = sourcecode.c.c; path = "Lecture2-2-professor.c"; sourceTree = "<group>"; };
		320BEE1826FDC08F00A83FC1 /* Lecture2-3-time.c */ = {isa = PBXFileReference; lastKnownFileType = sourcecode.c.c; path = "Lecture2-3-time.c"; sourceTree = "<group>"; };
		320BEE1C26FDF6F200A83FC1 /* exercise 2.c */ = {isa = PBXFileReference; lastKnownFileType = sourcecode.c.c; path = "exercise 2.c"; sourceTree = "<group>"; };
		320BEE212702184A00A83FC1 /* test.c */ = {isa = PBXFileReference; lastKnownFileType = sourcecode.c.c; path = test.c; sourceTree = "<group>"; };
		320BEE5B2703854800A83FC1 /* 2018313555_HW2A.c */ = {isa = PBXFileReference; lastKnownFileType = sourcecode.c.c; path = 2018313555_HW2A.c; sourceTree = "<group>"; };
		323924652747F6CC00B2F6A4 /* temp.c */ = {isa = PBXFileReference; lastKnownFileType = sourcecode.c.c; path = temp.c; sourceTree = "<group>"; };
		324BA30A275919630074DE61 /* TeamProjects.h */ = {isa = PBXFileReference; lastKnownFileType = sourcecode.c.h; path = TeamProjects.h; sourceTree = "<group>"; };
		324BA30B275919630074DE61 /* TeamProjects.c */ = {isa = PBXFileReference; lastKnownFileType = sourcecode.c.c; path = TeamProjects.c; sourceTree = "<group>"; };
		3262A748273400FE003CEBBF /* tests.cpp */ = {isa = PBXFileReference; lastKnownFileType = sourcecode.cpp.cpp; path = tests.cpp; sourceTree = "<group>"; };
		327A0B1E26E3469500B125DA /* Lecture1-1(찐).c */ = {isa = PBXFileReference; lastKnownFileType = sourcecode.c.c; path = "Lecture1-1(찐).c"; sourceTree = "<group>"; };
		327A0B2C26E7426400B125DA /* Lecture1-2.c */ = {isa = PBXFileReference; lastKnownFileType = sourcecode.c.c; path = "Lecture1-2.c"; sourceTree = "<group>"; };
		327A0B3026EA2A6000B125DA /* test.c */ = {isa = PBXFileReference; lastKnownFileType = sourcecode.c.c; path = test.c; sourceTree = "<group>"; };
		3295B9AB27265DAF008E43F3 /* merge_sort.c */ = {isa = PBXFileReference; lastKnownFileType = sourcecode.c.c; path = merge_sort.c; sourceTree = "<group>"; };
		3295B9AD2726678D008E43F3 /* quick sort.c */ = {isa = PBXFileReference; lastKnownFileType = sourcecode.c.c; path = "quick sort.c"; sourceTree = "<group>"; };
		3298488E273D314800B3DAC3 /* 2018313555_HW4A.c */ = {isa = PBXFileReference; lastKnownFileType = sourcecode.c.c; path = 2018313555_HW4A.c; sourceTree = "<group>"; };
		3298488F273D315400B3DAC3 /* 2018313555_HW4B.c */ = {isa = PBXFileReference; lastKnownFileType = sourcecode.c.c; path = 2018313555_HW4B.c; sourceTree = "<group>"; };
		32984890273D316200B3DAC3 /* 2018313555_HW4C.c */ = {isa = PBXFileReference; lastKnownFileType = sourcecode.c.c; path = 2018313555_HW4C.c; sourceTree = "<group>"; };
		32984ABD26EB5ECA00BEC91C /* Lecture2-1.c */ = {isa = PBXFileReference; lastKnownFileType = sourcecode.c.c; path = "Lecture2-1.c"; sourceTree = "<group>"; };
		32984ABF26EB62E200BEC91C /* Lecture2-2.c */ = {isa = PBXFileReference; lastKnownFileType = sourcecode.c.c; path = "Lecture2-2.c"; sourceTree = "<group>"; };
		329CCBED26DB62370063D5E6 /* 3학년 1학기 */ = {isa = PBXFileReference; explicitFileType = "compiled.mach-o.executable"; includeInIndex = 0; path = "3학년 1학기"; sourceTree = BUILT_PRODUCTS_DIR; };
		329CCBF026DB62370063D5E6 /* excercise 1.c */ = {isa = PBXFileReference; lastKnownFileType = sourcecode.c.c; path = "excercise 1.c"; sourceTree = "<group>"; };
		32A05867270774110032E214 /* Lecture3-12.c */ = {isa = PBXFileReference; lastKnownFileType = sourcecode.c.c; path = "Lecture3-12.c"; sourceTree = "<group>"; };
		32A0586A270988AC0032E214 /* tests.c */ = {isa = PBXFileReference; lastKnownFileType = sourcecode.c.c; path = tests.c; sourceTree = "<group>"; };
		32A0586D2709A8AA0032E214 /* 2018313555_HW2B.c */ = {isa = PBXFileReference; lastKnownFileType = sourcecode.c.c; path = 2018313555_HW2B.c; sourceTree = "<group>"; };
		32A0586F270A1A900032E214 /* 2018313555_HW2C.c */ = {isa = PBXFileReference; lastKnownFileType = sourcecode.c.c; path = 2018313555_HW2C.c; sourceTree = "<group>"; };
		32A05879270D8C930032E214 /* Lecture4-1.c */ = {isa = PBXFileReference; lastKnownFileType = sourcecode.c.c; path = "Lecture4-1.c"; sourceTree = "<group>"; };
		32B553E526FA14EA0030C769 /* 2018313555_HW1A.c */ = {isa = PBXFileReference; lastKnownFileType = sourcecode.c.c; path = 2018313555_HW1A.c; sourceTree = "<group>"; };
		32B553E726FAE2C00030C769 /* HW1B_Google.c */ = {isa = PBXFileReference; lastKnownFileType = sourcecode.c.c; path = HW1B_Google.c; sourceTree = "<group>"; };
		32B553E926FAEA970030C769 /* 2018313555_HW1B.c */ = {isa = PBXFileReference; lastKnownFileType = sourcecode.c.c; path = 2018313555_HW1B.c; sourceTree = "<group>"; };
		32B553ED26FB07AF0030C769 /* 2018313555_HW1C.c */ = {isa = PBXFileReference; lastKnownFileType = sourcecode.c.c; path = 2018313555_HW1C.c; sourceTree = "<group>"; };
		32C41FA62742BD4400802465 /* TeamProject.c */ = {isa = PBXFileReference; lastKnownFileType = sourcecode.c.c; path = TeamProject.c; sourceTree = "<group>"; };
		32D540B4278DABB9009A44F8 /* h.cpp */ = {isa = PBXFileReference; lastKnownFileType = sourcecode.cpp.cpp; path = h.cpp; sourceTree = "<group>"; };
		32DA5E77271E83BB005844CF /* exercise3.c */ = {isa = PBXFileReference; lastKnownFileType = sourcecode.c.c; path = exercise3.c; sourceTree = "<group>"; };
		32DC7D712730E5F20017CDF8 /* error_test.c */ = {isa = PBXFileReference; lastKnownFileType = sourcecode.c.c; path = error_test.c; sourceTree = "<group>"; };
		32E5A40626F48374000DF573 /* Lecture3-1.1.c */ = {isa = PBXFileReference; lastKnownFileType = sourcecode.c.c; path = "Lecture3-1.1.c"; sourceTree = "<group>"; };
		32E92FE2273E7804006B6C7D /* stackqueue.h */ = {isa = PBXFileReference; lastKnownFileType = sourcecode.c.h; path = stackqueue.h; sourceTree = "<group>"; };
		32FF5B8726DF635300B7390D /* Lecture1-1.c */ = {isa = PBXFileReference; lastKnownFileType = sourcecode.c.c; path = "Lecture1-1.c"; sourceTree = "<group>"; };
/* End PBXFileReference section */

/* Begin PBXFrameworksBuildPhase section */
		329CCBEA26DB62370063D5E6 /* Frameworks */ = {
			isa = PBXFrameworksBuildPhase;
			buildActionMask = 2147483647;
			files = (
			);
			runOnlyForDeploymentPostprocessing = 0;
		};
/* End PBXFrameworksBuildPhase section */

/* Begin PBXGroup section */
		329CCBE426DB62370063D5E6 = {
			isa = PBXGroup;
			children = (
				32FF5B8A26DF74C000B7390D /* 자료구조개론 */,
				329CCBEF26DB62370063D5E6 /* 컴퓨팅 */,
				329CCBEE26DB62370063D5E6 /* Products */,
			);
			sourceTree = "<group>";
		};
		329CCBEE26DB62370063D5E6 /* Products */ = {
			isa = PBXGroup;
			children = (
				329CCBED26DB62370063D5E6 /* 3학년 1학기 */,
			);
			name = Products;
			sourceTree = "<group>";
		};
		329CCBEF26DB62370063D5E6 /* 컴퓨팅 */ = {
			isa = PBXGroup;
			children = (
				32FF5B8726DF635300B7390D /* Lecture1-1.c */,
				327A0B1E26E3469500B125DA /* Lecture1-1(찐).c */,
				327A0B2C26E7426400B125DA /* Lecture1-2.c */,
				327A0B3026EA2A6000B125DA /* test.c */,
				32984ABD26EB5ECA00BEC91C /* Lecture2-1.c */,
				32984ABF26EB62E200BEC91C /* Lecture2-2.c */,
				320BEE1626FDA93E00A83FC1 /* Lecture2-2-professor.c */,
				320BEE1826FDC08F00A83FC1 /* Lecture2-3-time.c */,
				32E5A40626F48374000DF573 /* Lecture3-1.1.c */,
				32A05867270774110032E214 /* Lecture3-12.c */,
				32A05879270D8C930032E214 /* Lecture4-1.c */,
				3295B9AB27265DAF008E43F3 /* merge_sort.c */,
				3295B9AD2726678D008E43F3 /* quick sort.c */,
				3262A748273400FE003CEBBF /* tests.cpp */,
				32D540B4278DABB9009A44F8 /* h.cpp */,
				323924652747F6CC00B2F6A4 /* temp.c */,
				32C41FA62742BD4400802465 /* TeamProject.c */,
				324BA30A275919630074DE61 /* TeamProjects.h */,
				324BA30B275919630074DE61 /* TeamProjects.c */,
			);
			name = "컴퓨팅";
			path = "컴퓨팅";
			sourceTree = "<group>";
		};
		32FF5B8A26DF74C000B7390D /* 자료구조개론 */ = {
			isa = PBXGroup;
			children = (
				329CCBF026DB62370063D5E6 /* excercise 1.c */,
				32B553E526FA14EA0030C769 /* 2018313555_HW1A.c */,
				32B553E926FAEA970030C769 /* 2018313555_HW1B.c */,
				32B553ED26FB07AF0030C769 /* 2018313555_HW1C.c */,
				32B553E726FAE2C00030C769 /* HW1B_Google.c */,
				320BEE1C26FDF6F200A83FC1 /* exercise 2.c */,
				320BEE212702184A00A83FC1 /* test.c */,
				320BEE5B2703854800A83FC1 /* 2018313555_HW2A.c */,
				32A0586D2709A8AA0032E214 /* 2018313555_HW2B.c */,
				32A0586F270A1A900032E214 /* 2018313555_HW2C.c */,
				32A0586A270988AC0032E214 /* tests.c */,
				32DA5E77271E83BB005844CF /* exercise3.c */,
				3201017D2730266C00265CDE /* 2018313555_HW3A.c */,
				3201017E2730268100265CDE /* 2018313555_HW3B.c */,
				3201017F2730268C00265CDE /* 2018313555_HW3C.c */,
				32DC7D712730E5F20017CDF8 /* error_test.c */,
				3298488E273D314800B3DAC3 /* 2018313555_HW4A.c */,
				3298488F273D315400B3DAC3 /* 2018313555_HW4B.c */,
				32E92FE2273E7804006B6C7D /* stackqueue.h */,
				32984890273D316200B3DAC3 /* 2018313555_HW4C.c */,
			);
			name = "자료구조개론";
			path = "자료구조개론";
			sourceTree = "<group>";
		};
/* End PBXGroup section */

/* Begin PBXNativeTarget section */
		329CCBEC26DB62370063D5E6 /* 3학년 1학기 */ = {
			isa = PBXNativeTarget;
			buildConfigurationList = 329CCBF426DB62370063D5E6 /* Build configuration list for PBXNativeTarget "3학년 1학기" */;
			buildPhases = (
				329CCBE926DB62370063D5E6 /* Sources */,
				329CCBEA26DB62370063D5E6 /* Frameworks */,
				329CCBEB26DB62370063D5E6 /* CopyFiles */,
			);
			buildRules = (
			);
			dependencies = (
			);
			name = "3학년 1학기";
			productName = dd;
			productReference = 329CCBED26DB62370063D5E6 /* 3학년 1학기 */;
			productType = "com.apple.product-type.tool";
		};
/* End PBXNativeTarget section */

/* Begin PBXProject section */
		329CCBE526DB62370063D5E6 /* Project object */ = {
			isa = PBXProject;
			attributes = {
				LastUpgradeCheck = 1310;
				TargetAttributes = {
					329CCBEC26DB62370063D5E6 = {
						CreatedOnToolsVersion = 12.5.1;
					};
				};
			};
			buildConfigurationList = 329CCBE826DB62370063D5E6 /* Build configuration list for PBXProject "3학년 1학기" */;
			compatibilityVersion = "Xcode 9.3";
			developmentRegion = en;
			hasScannedForEncodings = 0;
			knownRegions = (
				en,
				Base,
			);
			mainGroup = 329CCBE426DB62370063D5E6;
			productRefGroup = 329CCBEE26DB62370063D5E6 /* Products */;
			projectDirPath = "";
			projectRoot = "";
			targets = (
				329CCBEC26DB62370063D5E6 /* 3학년 1학기 */,
			);
		};
/* End PBXProject section */

/* Begin PBXSourcesBuildPhase section */
		329CCBE926DB62370063D5E6 /* Sources */ = {
			isa = PBXSourcesBuildPhase;
			buildActionMask = 2147483647;
			files = (
				32D540C4279D16EB009A44F8 /* tests.cpp in Sources */,
			);
			runOnlyForDeploymentPostprocessing = 0;
		};
/* End PBXSourcesBuildPhase section */

/* Begin XCBuildConfiguration section */
		329CCBF226DB62370063D5E6 /* Debug */ = {
			isa = XCBuildConfiguration;
			buildSettings = {
				ALWAYS_SEARCH_USER_PATHS = NO;
				CLANG_ANALYZER_NONNULL = YES;
				CLANG_ANALYZER_NUMBER_OBJECT_CONVERSION = YES_AGGRESSIVE;
				CLANG_CXX_LANGUAGE_STANDARD = "gnu++14";
				CLANG_CXX_LIBRARY = "libc++";
				CLANG_ENABLE_MODULES = YES;
				CLANG_ENABLE_OBJC_ARC = YES;
				CLANG_ENABLE_OBJC_WEAK = YES;
				CLANG_WARN_BLOCK_CAPTURE_AUTORELEASING = YES;
				CLANG_WARN_BOOL_CONVERSION = YES;
				CLANG_WARN_COMMA = YES;
				CLANG_WARN_CONSTANT_CONVERSION = YES;
				CLANG_WARN_DEPRECATED_OBJC_IMPLEMENTATIONS = YES;
				CLANG_WARN_DIRECT_OBJC_ISA_USAGE = YES_ERROR;
				CLANG_WARN_DOCUMENTATION_COMMENTS = YES;
				CLANG_WARN_EMPTY_BODY = YES;
				CLANG_WARN_ENUM_CONVERSION = YES;
				CLANG_WARN_INFINITE_RECURSION = YES;
				CLANG_WARN_INT_CONVERSION = YES;
				CLANG_WARN_NON_LITERAL_NULL_CONVERSION = YES;
				CLANG_WARN_OBJC_IMPLICIT_RETAIN_SELF = YES;
				CLANG_WARN_OBJC_LITERAL_CONVERSION = YES;
				CLANG_WARN_OBJC_ROOT_CLASS = YES_ERROR;
				CLANG_WARN_QUOTED_INCLUDE_IN_FRAMEWORK_HEADER = YES;
				CLANG_WARN_RANGE_LOOP_ANALYSIS = YES;
				CLANG_WARN_STRICT_PROTOTYPES = YES;
				CLANG_WARN_SUSPICIOUS_MOVE = YES;
				CLANG_WARN_UNGUARDED_AVAILABILITY = YES_AGGRESSIVE;
				CLANG_WARN_UNREACHABLE_CODE = YES;
				CLANG_WARN__DUPLICATE_METHOD_MATCH = YES;
				COPY_PHASE_STRIP = NO;
				DEBUG_INFORMATION_FORMAT = dwarf;
				ENABLE_STRICT_OBJC_MSGSEND = YES;
				ENABLE_TESTABILITY = YES;
				GCC_C_LANGUAGE_STANDARD = gnu11;
				GCC_DYNAMIC_NO_PIC = NO;
				GCC_NO_COMMON_BLOCKS = YES;
				GCC_OPTIMIZATION_LEVEL = 0;
				GCC_PREPROCESSOR_DEFINITIONS = (
					"DEBUG=1",
					"$(inherited)",
				);
				GCC_WARN_64_TO_32_BIT_CONVERSION = YES;
				GCC_WARN_ABOUT_RETURN_TYPE = YES_ERROR;
				GCC_WARN_UNDECLARED_SELECTOR = YES;
				GCC_WARN_UNINITIALIZED_AUTOS = YES_AGGRESSIVE;
				GCC_WARN_UNUSED_FUNCTION = YES;
				GCC_WARN_UNUSED_VARIABLE = YES;
				MACOSX_DEPLOYMENT_TARGET = 11.3;
				MTL_ENABLE_DEBUG_INFO = INCLUDE_SOURCE;
				MTL_FAST_MATH = YES;
				ONLY_ACTIVE_ARCH = YES;
				SDKROOT = macosx;
			};
			name = Debug;
		};
		329CCBF326DB62370063D5E6 /* Release */ = {
			isa = XCBuildConfiguration;
			buildSettings = {
				ALWAYS_SEARCH_USER_PATHS = NO;
				CLANG_ANALYZER_NONNULL = YES;
				CLANG_ANALYZER_NUMBER_OBJECT_CONVERSION = YES_AGGRESSIVE;
				CLANG_CXX_LANGUAGE_STANDARD = "gnu++14";
				CLANG_CXX_LIBRARY = "libc++";
				CLANG_ENABLE_MODULES = YES;
				CLANG_ENABLE_OBJC_ARC = YES;
				CLANG_ENABLE_OBJC_WEAK = YES;
				CLANG_WARN_BLOCK_CAPTURE_AUTORELEASING = YES;
				CLANG_WARN_BOOL_CONVERSION = YES;
				CLANG_WARN_COMMA = YES;
				CLANG_WARN_CONSTANT_CONVERSION = YES;
				CLANG_WARN_DEPRECATED_OBJC_IMPLEMENTATIONS = YES;
				CLANG_WARN_DIRECT_OBJC_ISA_USAGE = YES_ERROR;
				CLANG_WARN_DOCUMENTATION_COMMENTS = YES;
				CLANG_WARN_EMPTY_BODY = YES;
				CLANG_WARN_ENUM_CONVERSION = YES;
				CLANG_WARN_INFINITE_RECURSION = YES;
				CLANG_WARN_INT_CONVERSION = YES;
				CLANG_WARN_NON_LITERAL_NULL_CONVERSION = YES;
				CLANG_WARN_OBJC_IMPLICIT_RETAIN_SELF = YES;
				CLANG_WARN_OBJC_LITERAL_CONVERSION = YES;
				CLANG_WARN_OBJC_ROOT_CLASS = YES_ERROR;
				CLANG_WARN_QUOTED_INCLUDE_IN_FRAMEWORK_HEADER = YES;
				CLANG_WARN_RANGE_LOOP_ANALYSIS = YES;
				CLANG_WARN_STRICT_PROTOTYPES = YES;
				CLANG_WARN_SUSPICIOUS_MOVE = YES;
				CLANG_WARN_UNGUARDED_AVAILABILITY = YES_AGGRESSIVE;
				CLANG_WARN_UNREACHABLE_CODE = YES;
				CLANG_WARN__DUPLICATE_METHOD_MATCH = YES;
				COPY_PHASE_STRIP = NO;
				DEBUG_INFORMATION_FORMAT = "dwarf-with-dsym";
				ENABLE_NS_ASSERTIONS = NO;
				ENABLE_STRICT_OBJC_MSGSEND = YES;
				GCC_C_LANGUAGE_STANDARD = gnu11;
				GCC_NO_COMMON_BLOCKS = YES;
				GCC_WARN_64_TO_32_BIT_CONVERSION = YES;
				GCC_WARN_ABOUT_RETURN_TYPE = YES_ERROR;
				GCC_WARN_UNDECLARED_SELECTOR = YES;
				GCC_WARN_UNINITIALIZED_AUTOS = YES_AGGRESSIVE;
				GCC_WARN_UNUSED_FUNCTION = YES;
				GCC_WARN_UNUSED_VARIABLE = YES;
				MACOSX_DEPLOYMENT_TARGET = 11.3;
				MTL_ENABLE_DEBUG_INFO = NO;
				MTL_FAST_MATH = YES;
				SDKROOT = macosx;
			};
			name = Release;
		};
		329CCBF526DB62370063D5E6 /* Debug */ = {
			isa = XCBuildConfiguration;
			buildSettings = {
				CODE_SIGN_IDENTITY = "-";
				CODE_SIGN_STYLE = Automatic;
				DEVELOPMENT_TEAM = 6H9FY23YYD;
				ENABLE_HARDENED_RUNTIME = YES;
				PRODUCT_NAME = "$(TARGET_NAME)";
			};
			name = Debug;
		};
		329CCBF626DB62370063D5E6 /* Release */ = {
			isa = XCBuildConfiguration;
			buildSettings = {
				CODE_SIGN_IDENTITY = "-";
				CODE_SIGN_STYLE = Automatic;
				DEVELOPMENT_TEAM = 6H9FY23YYD;
				ENABLE_HARDENED_RUNTIME = YES;
				PRODUCT_NAME = "$(TARGET_NAME)";
			};
			name = Release;
		};
/* End XCBuildConfiguration section */

/* Begin XCConfigurationList section */
		329CCBE826DB62370063D5E6 /* Build configuration list for PBXProject "3학년 1학기" */ = {
			isa = XCConfigurationList;
			buildConfigurations = (
				329CCBF226DB62370063D5E6 /* Debug */,
				329CCBF326DB62370063D5E6 /* Release */,
			);
			defaultConfigurationIsVisible = 0;
			defaultConfigurationName = Release;
		};
		329CCBF426DB62370063D5E6 /* Build configuration list for PBXNativeTarget "3학년 1학기" */ = {
			isa = XCConfigurationList;
			buildConfigurations = (
				329CCBF526DB62370063D5E6 /* Debug */,
				329CCBF626DB62370063D5E6 /* Release */,
			);
			defaultConfigurationIsVisible = 0;
			defaultConfigurationName = Release;
		};
/* End XCConfigurationList section */
	};
	rootObject = 329CCBE526DB62370063D5E6 /* Project object */;
}
